{
  "name": "kvstatic",
  "version": "1.0.0",
  "lockfileVersion": 1,
  "requires": true,
  "dependencies": {
    "@types/color-name": {
      "version": "1.1.1",
      "resolved": "https://registry.npmjs.org/@types/color-name/-/color-name-1.1.1.tgz",
      "integrity": "sha512-rr+OQyAjxze7GgWrSaJwydHStIhHq2lvY3BOC2Mj7KnzI7XK0Uw1TOOdI9lDoajEbSWLiYgoo4f1R51erQfhPQ=="
    },
    "ansi-styles": {
      "version": "4.2.1",
      "resolved": "https://registry.npmjs.org/ansi-styles/-/ansi-styles-4.2.1.tgz",
      "integrity": "sha512-9VGjrMsG1vePxcSweQsN20KY/c4zN0h9fLjqAbwbPfahM3t+NL+M9HC8xeXG2I8pX5NoamTGNuomEUFI7fcUjA==",
      "requires": {
        "@types/color-name": "^1.1.1",
        "color-convert": "^2.0.1"
      }
    },
    "chalk": {
      "version": "3.0.0",
      "resolved": "https://registry.npmjs.org/chalk/-/chalk-3.0.0.tgz",
      "integrity": "sha512-4D3B6Wf41KOYRFdszmDqMCGq5VV/uMAB273JILmO+3jAlh8X4qDtdtgCR3fxtbLEMzSx22QdhnDcJvu2u1fVwg==",
      "requires": {
        "ansi-styles": "^4.1.0",
        "supports-color": "^7.1.0"
      }
    },
    "charenc": {
      "version": "0.0.2",
      "resolved": "https://registry.npmjs.org/charenc/-/charenc-0.0.2.tgz",
      "integrity": "sha1-wKHS86cJLgN3S/qD8UwPxXkKhmc="
    },
    "co": {
      "version": "4.6.0",
      "resolved": "https://registry.npmjs.org/co/-/co-4.6.0.tgz",
      "integrity": "sha1-bqa989hTrlTMuOR7+gvz+QMfsYQ="
    },
    "co-prompt": {
      "version": "1.0.0",
      "resolved": "https://registry.npmjs.org/co-prompt/-/co-prompt-1.0.0.tgz",
      "integrity": "sha1-+zcOntrEhXayenMv5dfyHZ/G5vY=",
      "requires": {
        "keypress": "~0.2.1"
      }
    },
    "color-convert": {
      "version": "2.0.1",
      "resolved": "https://registry.npmjs.org/color-convert/-/color-convert-2.0.1.tgz",
      "integrity": "sha512-RRECPsj7iu/xb5oKYcsFHSppFNnsj/52OVTRKb4zP5onXwVF3zVmmToNcOfGC+CRDpfK/U584fMg38ZHCaElKQ==",
      "requires": {
        "color-name": "~1.1.4"
      }
    },
    "color-name": {
      "version": "1.1.4",
      "resolved": "https://registry.npmjs.org/color-name/-/color-name-1.1.4.tgz",
      "integrity": "sha512-dOy+3AuW3a2wNbZHIuMZpTcgjGuLU/uBL/ubcZF9OXbDo8ff4O8yVp5Bf0efS8uEoYo5q4Fx7dY9OgQGXgAsQA=="
    },
    "commander": {
      "version": "4.0.1",
      "resolved": "https://registry.npmjs.org/commander/-/commander-4.0.1.tgz",
      "integrity": "sha1-tnYicheFmTGC6Af0iDYz5kAbpTw="
    },
    "configstore": {
      "version": "5.0.0",
      "resolved": "https://registry.npmjs.org/configstore/-/configstore-5.0.0.tgz",
      "integrity": "sha512-eE/hvMs7qw7DlcB5JPRnthmrITuHMmACUJAp89v6PT6iOqzoLS7HRWhBtuHMlhNHo2AhUSA/3Dh1bKNJHcublQ==",
      "requires": {
        "dot-prop": "^5.1.0",
        "graceful-fs": "^4.1.2",
        "make-dir": "^3.0.0",
        "unique-string": "^2.0.0",
        "write-file-atomic": "^3.0.0",
        "xdg-basedir": "^4.0.0"
      }
    },
    "crypt": {
      "version": "0.0.2",
      "resolved": "https://registry.npmjs.org/crypt/-/crypt-0.0.2.tgz",
      "integrity": "sha1-iNf/fsDfuG9xPch7u0LQRNPmxBs="
    },
    "crypto-random-string": {
      "version": "2.0.0",
      "resolved": "https://registry.npmjs.org/crypto-random-string/-/crypto-random-string-2.0.0.tgz",
      "integrity": "sha512-v1plID3y9r/lPhviJ1wrXpLeyUIGAZ2SHNYTEapm7/8A9nLPoyvVp3RK/EPFqn5kEznyWgYZNsRtYYIWbuG8KA=="
    },
    "dot-prop": {
      "version": "5.2.0",
      "resolved": "https://registry.npmjs.org/dot-prop/-/dot-prop-5.2.0.tgz",
      "integrity": "sha512-uEUyaDKoSQ1M4Oq8l45hSE26SnTxL6snNnqvK/VWx5wJhmff5z0FUVJDKDanor/6w3kzE3i7XZOk+7wC0EXr1A==",
      "requires": {
        "is-obj": "^2.0.0"
      }
    },
    "graceful-fs": {
      "version": "4.2.3",
      "resolved": "https://registry.npmjs.org/graceful-fs/-/graceful-fs-4.2.3.tgz",
      "integrity": "sha512-a30VEBm4PEdx1dRB7MFK7BejejvCvBronbLjht+sHuGYj8PHs7M/5Z+rt5lw551vZ7yfTCj4Vuyy3mSJytDWRQ=="
    },
    "has-flag": {
      "version": "4.0.0",
      "resolved": "https://registry.npmjs.org/has-flag/-/has-flag-4.0.0.tgz",
      "integrity": "sha512-EykJT/Q1KjTWctppgIAgfSO0tKVuZUjhgMr17kqTumMl6Afv3EISleU7qZUzoXDFTAHTDC4NOoG/ZxU3EvlMPQ=="
    },
    "imurmurhash": {
      "version": "0.1.4",
      "resolved": "https://registry.npmjs.org/imurmurhash/-/imurmurhash-0.1.4.tgz",
      "integrity": "sha1-khi5srkoojixPcT7a21XbyMUU+o="
    },
    "is-buffer": {
      "version": "1.1.6",
      "resolved": "https://registry.npmjs.org/is-buffer/-/is-buffer-1.1.6.tgz",
      "integrity": "sha512-NcdALwpXkTm5Zvvbk7owOUSvVvBKDgKP5/ewfXEznmQFfs4ZRmanOeKBTjRVjka3QFoN6XJ+9F3USqfHqTaU5w=="
    },
    "is-obj": {
      "version": "2.0.0",
      "resolved": "https://registry.npmjs.org/is-obj/-/is-obj-2.0.0.tgz",
      "integrity": "sha512-drqDG3cbczxxEJRoOXcOjtdp1J/lyp1mNn0xaznRs8+muBhgQcrnbspox5X5fOw0HnMnbfDzvnEMEtqDEJEo8w=="
    },
    "is-typedarray": {
      "version": "1.0.0",
      "resolved": "https://registry.npmjs.org/is-typedarray/-/is-typedarray-1.0.0.tgz",
      "integrity": "sha1-5HnICFjfDBsR3dppQPlgEfzaSpo="
    },
    "keypress": {
      "version": "0.2.1",
      "resolved": "https://registry.npmjs.org/keypress/-/keypress-0.2.1.tgz",
      "integrity": "sha1-HoBFQlABjbrUw/6USX1uZ7YmnHc="
    },
    "make-dir": {
      "version": "3.0.0",
      "resolved": "https://registry.npmjs.org/make-dir/-/make-dir-3.0.0.tgz",
      "integrity": "sha512-grNJDhb8b1Jm1qeqW5R/O63wUo4UXo2v2HMic6YT9i/HBlF93S8jkMgH7yugvY9ABDShH4VZMn8I+U8+fCNegw==",
      "requires": {
        "semver": "^6.0.0"
      }
    },
    "md5": {
      "version": "2.2.1",
      "resolved": "https://registry.npmjs.org/md5/-/md5-2.2.1.tgz",
      "integrity": "sha1-U6s41f48iJG6RlMp6iP6wFQBJvk=",
      "requires": {
        "charenc": "~0.0.1",
        "crypt": "~0.0.1",
        "is-buffer": "~1.1.1"
      }
    },
    "node-watch": {
      "version": "0.6.3",
      "resolved": "https://registry.npmjs.org/node-watch/-/node-watch-0.6.3.tgz",
      "integrity": "sha512-InVPsg51EemnMVH3fvrrSVgqVBMlksZ/mK7ZDWx/NuWdNQi28wcVJX1/BP38alraPFXbRi9jZ35OfK4Ra7l8Bg=="
    },
    "semver": {
      "version": "6.3.1",
      "resolved": "https://registry.npmjs.org/semver/-/semver-6.3.1.tgz",
      "integrity": "sha512-BR7VvDCVHO+q2xBEWskxS6DJE1qRnb7DxzUrogb71CWoSficBxYsiAGd+Kl0mmq/MprG9yArRkyrQxTO6XjMzA=="
    },
    "signal-exit": {
      "version": "3.0.2",
      "resolved": "https://registry.npmjs.org/signal-exit/-/signal-exit-3.0.2.tgz",
      "integrity": "sha1-tf3AjxKH6hF4Yo5BXiUTK3NkbG0="
    },
    "supports-color": {
      "version": "7.1.0",
      "resolved": "https://registry.npmjs.org/supports-color/-/supports-color-7.1.0.tgz",
      "integrity": "sha512-oRSIpR8pxT1Wr2FquTNnGet79b3BWljqOuoW/h4oBhxJ/HUbX5nX6JSruTkvXDCFMwDPvsaTTbvMLKZWSy0R5g==",
      "requires": {
        "has-flag": "^4.0.0"
      }
    },
    "typedarray-to-buffer": {
      "version": "3.1.5",
      "resolved": "https://registry.npmjs.org/typedarray-to-buffer/-/typedarray-to-buffer-3.1.5.tgz",
      "integrity": "sha512-zdu8XMNEDepKKR+XYOXAVPtWui0ly0NtohUscw+UmaHiAWT8hrV1rr//H6V+0DvJ3OQ19S979M0laLfX8rm82Q==",
      "requires": {
        "is-typedarray": "^1.0.0"
      }
    },
    "unique-string": {
      "version": "2.0.0",
      "resolved": "https://registry.npmjs.org/unique-string/-/unique-string-2.0.0.tgz",
      "integrity": "sha512-uNaeirEPvpZWSgzwsPGtU2zVSTrn/8L5q/IexZmH0eH6SA73CmAA5U4GwORTxQAZs95TAXLNqeLoPPNO5gZfWg==",
      "requires": {
        "crypto-random-string": "^2.0.0"
      }
    },
    "write-file-atomic": {
      "version": "3.0.1",
      "resolved": "https://registry.npmjs.org/write-file-atomic/-/write-file-atomic-3.0.1.tgz",
      "integrity": "sha512-JPStrIyyVJ6oCSz/691fAjFtefZ6q+fP6tm+OS4Qw6o+TGQxNp1ziY2PgS+X/m0V8OWhZiO/m4xSj+Pr4RrZvw==",
      "requires": {
        "imurmurhash": "^0.1.4",
        "is-typedarray": "^1.0.0",
        "signal-exit": "^3.0.2",
        "typedarray-to-buffer": "^3.1.5"
      }
    },
    "xdg-basedir": {
      "version": "4.0.0",
      "resolved": "https://registry.npmjs.org/xdg-basedir/-/xdg-basedir-4.0.0.tgz",
      "integrity": "sha512-PSNhEJDejZYV7h50BohL09Er9VaIefr2LMAf3OEmpCkjOi34eYyQYAXUTjEQtZJTKcF0E2UKTh+osDLsgNim9Q=="
    }
  }
}
